{
  "name": "ip",
  "lockfileVersion": 3,
  "requires": true,
  "packages": {
    "": {
      "dependencies": {
        "@iconify-json/logos": "^1.2.4"
      },
      "devDependencies": {
        "playwright-chromium": "^1.49.1"
      }
    },
    "node_modules/@iconify-json/logos": {
      "version": "1.2.4",
      "resolved": "https://registry.npmjs.org/@iconify-json/logos/-/logos-1.2.4.tgz",
      "integrity": "sha512-XC4If5D/hbaZvUkTV8iaZuGlQCyG6CNOlaAaJaGa13V5QMYwYjgtKk3vPP8wz3wtTVNVEVk3LRx1fOJz+YnSMw==",
      "license": "CC0-1.0",
      "dependencies": {
        "@iconify/types": "*"
      }
    },
    "node_modules/@iconify/types": {
      "version": "2.0.0",
      "resolved": "https://registry.npmjs.org/@iconify/types/-/types-2.0.0.tgz",
      "integrity": "sha512-+wluvCrRhXrhyOmRDJ3q8mux9JkKy5SJ/v8ol2tu4FVjyYvtEzkc/3pK15ET6RKg4b4w4BmTk1+gsCUhf21Ykg==",
      "license": "MIT"
    },
    "node_modules/playwright-chromium": {
      "version": "1.49.1",
      "resolved": "https://registry.npmjs.org/playwright-chromium/-/playwright-chromium-1.49.1.tgz",
      "integrity": "sha512-XAQDkZ1Eem1OONhfS8B2LM2mgHG/i5jIxooxjvqjbF/9GnLnRTJHdQamNjo1e4FZvt7J0BFD/15+qAcT0eKlfA==",
      "dev": true,
      "hasInstallScript": true,
      "license": "Apache-2.0",
      "dependencies": {
        "playwright-core": "1.49.1"
      },
      "bin": {
        "playwright": "cli.js"
      },
      "engines": {
        "node": ">=18"
      }
    },
    "node_modules/playwright-core": {
      "version": "1.49.1",
      "resolved": "https://registry.npmjs.org/playwright-core/-/playwright-core-1.49.1.tgz",
      "integrity": "sha512-BzmpVcs4kE2CH15rWfzpjzVGhWERJfmnXmniSyKeRZUs9Ws65m+RGIi7mjJK/euCegfn3i7jvqWeWyHe9y3Vgg==",
      "dev": true,
      "license": "Apache-2.0",
      "bin": {
        "playwright-core": "cli.js"
      },
      "engines": {
        "node": ">=18"
      }
    }
  }
}
